# This file is autogenerated, do not edit; changes may be undone by the next 'dep ensure'.


[[projects]]
  digest = "1:356f107c6cd6433fde5d6ba848cedef1812f1ca3138e2619b1c0ef21e6657cf4"
  name = "github.com/confluentinc/confluent-kafka-go"
  packages = ["kafka"]
  pruneopts = "UT"
  revision = "53193a43d488f3c1aabc5590a3976189cd341303"
  version = "v1.3.0"

[solve-meta]
  analyzer-name = "dep"
  analyzer-version = 1
  input-imports = ["github.com/confluentinc/confluent-kafka-go/kafka"]
  solver-name = "gps-cdcl"
  solver-version = 1
